# This file is automatically @generated by Cargo.
# It is not intended for manual editing.
version = 3

[[package]]
name = "orion"
version = "0.1.0"

[[package]]
name = "orion-api"
version = "0.1.0"

[[package]]
name = "orion-build"
version = "0.1.0"

[[package]]
name = "orion-cli"
version = "0.1.0"

[[package]]
name = "orion-config"
version = "0.1.0"

[[package]]
name = "orion-core"
version = "0.1.0"

[[package]]
name = "orion-macros"
version = "0.1.0"

[[package]]
name = "orion-permissions"
version = "0.1.0"

[[package]]
name = "orion-server"
version = "0.1.0"

[[package]]
name = "orion-templates"
version = "0.1.0"

[[package]]
name = "orion-test"
version = "0.1.0"

[[package]]
name = "orion-ui"
version = "0.1.0"

[[package]]
name = "orion-webview"
version = "0.1.0"

[[package]]
name = "orion-window"
version = "0.1.0"
